
Microsoft Visual Studio Solution File, Format Version 12.00
# Visual Studio 15
VisualStudioVersion = 15.0.26730.16
MinimumVisualStudioVersion = 10.0.40219.1
Project("{FAE04EC0-301F-11D3-BF4B-00C04F79EFBC}") = "DiplomovaPraca", "DiplomovaPraca\DiplomovaPraca.csproj", "{4C38953A-B9CD-4500-B928-BC4A66448F00}"
EndProject
Global
	GlobalSection(SolutionConfigurationPlatforms) = preSolution
		Debug|Any CPU = Debug|Any CPU
		Release|Any CPU = Release|Any CPU
	EndGlobalSection
	GlobalSection(ProjectConfigurationPlatforms) = postSolution
		{4C38953A-B9CD-4500-B928-BC4A66448F00}.Debug|Any CPU.ActiveCfg = Debug|Any CPU
		{4C38953A-B9CD-4500-B928-BC4A66448F00}.Debug|Any CPU.Build.0 = Debug|Any CPU
		{4C38953A-B9CD-4500-B928-BC4A66448F00}.Release|Any CPU.ActiveCfg = Release|Any CPU
		{4C38953A-B9CD-4500-B928-BC4A66448F00}.Release|Any CPU.Build.0 = Release|Any CPU
	EndGlobalSection
	GlobalSection(SolutionProperties) = preSolution
		HideSolutionNode = FALSE
	EndGlobalSection
	GlobalSection(ExtensibilityGlobals) = postSolution
		SolutionGuid = {B407EFD0-87A4-4883-B7A4-C773947C9885}
	EndGlobalSection
EndGlobal
