
Microsoft Visual Studio Solution File, Format Version 12.00
# Visual Studio 15
VisualStudioVersion = 15.0.26730.16
MinimumVisualStudioVersion = 10.0.40219.1
Project("{FAE04EC0-301F-11D3-BF4B-00C04F79EFBC}") = "DpVisual", "DpVisual\DpVisual.csproj", "{3E9ACD8E-A2B2-4784-9B1A-3C77F3D6AC9D}"
EndProject
Project("{FAE04EC0-301F-11D3-BF4B-00C04F79EFBC}") = "GeneratingFunctions", "GeneratingFunctions\GeneratingFunctions.csproj", "{FFA0B89F-B249-4697-A3C7-D3472C4CEBF5}"
EndProject
Global
	GlobalSection(SolutionConfigurationPlatforms) = preSolution
		Debug|Any CPU = Debug|Any CPU
		Release|Any CPU = Release|Any CPU
	EndGlobalSection
	GlobalSection(ProjectConfigurationPlatforms) = postSolution
		{3E9ACD8E-A2B2-4784-9B1A-3C77F3D6AC9D}.Debug|Any CPU.ActiveCfg = Debug|Any CPU
		{3E9ACD8E-A2B2-4784-9B1A-3C77F3D6AC9D}.Debug|Any CPU.Build.0 = Debug|Any CPU
		{3E9ACD8E-A2B2-4784-9B1A-3C77F3D6AC9D}.Release|Any CPU.ActiveCfg = Release|Any CPU
		{3E9ACD8E-A2B2-4784-9B1A-3C77F3D6AC9D}.Release|Any CPU.Build.0 = Release|Any CPU
		{FFA0B89F-B249-4697-A3C7-D3472C4CEBF5}.Debug|Any CPU.ActiveCfg = Debug|Any CPU
		{FFA0B89F-B249-4697-A3C7-D3472C4CEBF5}.Debug|Any CPU.Build.0 = Debug|Any CPU
		{FFA0B89F-B249-4697-A3C7-D3472C4CEBF5}.Release|Any CPU.ActiveCfg = Release|Any CPU
		{FFA0B89F-B249-4697-A3C7-D3472C4CEBF5}.Release|Any CPU.Build.0 = Release|Any CPU
	EndGlobalSection
	GlobalSection(SolutionProperties) = preSolution
		HideSolutionNode = FALSE
	EndGlobalSection
	GlobalSection(ExtensibilityGlobals) = postSolution
		SolutionGuid = {B407EFD0-87A4-4883-B7A4-C773947C9885}
	EndGlobalSection
EndGlobal
